// !$*UTF8*$!
{
	archiveVersion = 1;
	classes = {
	};
	objectVersion = 46;
	objects = {

/* Begin PBXBuildFile section */
		E1D5E84317B798C300B6604B /* Foundation.framework in Frameworks */ = {isa = PBXBuildFile; fileRef = E1D5E84217B798C300B6604B /* Foundation.framework */; };
		E1D5E84517B798C400B6604B /* CoreGraphics.framework in Frameworks */ = {isa = PBXBuildFile; fileRef = E1D5E84417B798C400B6604B /* CoreGraphics.framework */; };
		E1D5E84717B798C400B6604B /* UIKit.framework in Frameworks */ = {isa = PBXBuildFile; fileRef = E1D5E84617B798C400B6604B /* UIKit.framework */; };
		E1D5E86217B798C400B6604B /* XCTest.framework in Frameworks */ = {isa = PBXBuildFile; fileRef = E1D5E86117B798C400B6604B /* XCTest.framework */; };
		E1D5E86317B798C400B6604B /* Foundation.framework in Frameworks */ = {isa = PBXBuildFile; fileRef = E1D5E84217B798C300B6604B /* Foundation.framework */; };
		E1D5E86417B798C400B6604B /* UIKit.framework in Frameworks */ = {isa = PBXBuildFile; fileRef = E1D5E84617B798C400B6604B /* UIKit.framework */; };
		E1D5E89B17B7AE4000B6604B /* AppDelegate.m in Sources */ = {isa = PBXBuildFile; fileRef = E1D5E88617B7AE4000B6604B /* AppDelegate.m */; };
		E1D5E89C17B7AE4000B6604B /* Main.storyboard in Resources */ = {isa = PBXBuildFile; fileRef = E1D5E88717B7AE4000B6604B /* Main.storyboard */; };
		E1D5E89F17B7AE4000B6604B /* DRImagePlacerholderHelperExample-Info.plist in Resources */ = {isa = PBXBuildFile; fileRef = E1D5E88E17B7AE4000B6604B /* DRImagePlacerholderHelperExample-Info.plist */; };
		E1D5E8A017B7AE4000B6604B /* InfoPlist.strings in Resources */ = {isa = PBXBuildFile; fileRef = E1D5E89017B7AE4000B6604B /* InfoPlist.strings */; };
		E1D5E8A117B7AE4000B6604B /* Images.xcassets in Resources */ = {isa = PBXBuildFile; fileRef = E1D5E89217B7AE4000B6604B /* Images.xcassets */; };
		E1D5E8A217B7AE4000B6604B /* main.m in Sources */ = {isa = PBXBuildFile; fileRef = E1D5E89317B7AE4000B6604B /* main.m */; };
		E1D5E8A317B7AE4000B6604B /* ViewController.m in Sources */ = {isa = PBXBuildFile; fileRef = E1D5E89517B7AE4000B6604B /* ViewController.m */; };
		E1D5E8AC17B7AEFB00B6604B /* DRImagePlaceholderHelper.m in Sources */ = {isa = PBXBuildFile; fileRef = E1D5E8A917B7AEFB00B6604B /* DRImagePlaceholderHelper.m */; };
		E1D5E8AD17B7AEFB00B6604B /* UIImageView+Placeholder.m in Sources */ = {isa = PBXBuildFile; fileRef = E1D5E8AB17B7AEFB00B6604B /* UIImageView+Placeholder.m */; };
/* End PBXBuildFile section */

/* Begin PBXContainerItemProxy section */
		E1D5E86517B798C400B6604B /* PBXContainerItemProxy */ = {
			isa = PBXContainerItemProxy;
			containerPortal = E1D5E83717B798C300B6604B /* Project object */;
			proxyType = 1;
			remoteGlobalIDString = E1D5E83E17B798C300B6604B;
			remoteInfo = DRImagePlacerholerHelperExample;
		};
/* End PBXContainerItemProxy section */

/* Begin PBXFileReference section */
		E1D5E83F17B798C300B6604B /* DRImagePlacerholderHelperExample.app */ = {isa = PBXFileReference; explicitFileType = wrapper.application; includeInIndex = 0; path = DRImagePlacerholderHelperExample.app; sourceTree = BUILT_PRODUCTS_DIR; };
		E1D5E84217B798C300B6604B /* Foundation.framework */ = {isa = PBXFileReference; lastKnownFileType = wrapper.framework; name = Foundation.framework; path = System/Library/Frameworks/Foundation.framework; sourceTree = SDKROOT; };
		E1D5E84417B798C400B6604B /* CoreGraphics.framework */ = {isa = PBXFileReference; lastKnownFileType = wrapper.framework; name = CoreGraphics.framework; path = System/Library/Frameworks/CoreGraphics.framework; sourceTree = SDKROOT; };
		E1D5E84617B798C400B6604B /* UIKit.framework */ = {isa = PBXFileReference; lastKnownFileType = wrapper.framework; name = UIKit.framework; path = System/Library/Frameworks/UIKit.framework; sourceTree = SDKROOT; };
		E1D5E86017B798C400B6604B /* DRImagePlacerholderHelperExampleTests.xctest */ = {isa = PBXFileReference; explicitFileType = wrapper.cfbundle; includeInIndex = 0; path = DRImagePlacerholderHelperExampleTests.xctest; sourceTree = BUILT_PRODUCTS_DIR; };
		E1D5E86117B798C400B6604B /* XCTest.framework */ = {isa = PBXFileReference; lastKnownFileType = wrapper.framework; name = XCTest.framework; path = Library/Frameworks/XCTest.framework; sourceTree = DEVELOPER_DIR; };
		E1D5E88517B7AE4000B6604B /* AppDelegate.h */ = {isa = PBXFileReference; fileEncoding = 4; lastKnownFileType = sourcecode.c.h; path = AppDelegate.h; sourceTree = "<group>"; };
		E1D5E88617B7AE4000B6604B /* AppDelegate.m */ = {isa = PBXFileReference; fileEncoding = 4; lastKnownFileType = sourcecode.c.objc; path = AppDelegate.m; sourceTree = "<group>"; };
		E1D5E88817B7AE4000B6604B /* Base */ = {isa = PBXFileReference; lastKnownFileType = file.storyboard; name = Base; path = Base.lproj/Main.storyboard; sourceTree = "<group>"; };
		E1D5E88E17B7AE4000B6604B /* DRImagePlacerholderHelperExample-Info.plist */ = {isa = PBXFileReference; fileEncoding = 4; lastKnownFileType = text.plist.xml; path = "DRImagePlacerholderHelperExample-Info.plist"; sourceTree = "<group>"; };
		E1D5E88F17B7AE4000B6604B /* DRImagePlacerholderHelperExample-Prefix.pch */ = {isa = PBXFileReference; fileEncoding = 4; lastKnownFileType = sourcecode.c.h; path = "DRImagePlacerholderHelperExample-Prefix.pch"; sourceTree = "<group>"; };
		E1D5E89117B7AE4000B6604B /* en */ = {isa = PBXFileReference; lastKnownFileType = text.plist.strings; name = en; path = en.lproj/InfoPlist.strings; sourceTree = "<group>"; };
		E1D5E89217B7AE4000B6604B /* Images.xcassets */ = {isa = PBXFileReference; lastKnownFileType = folder.assetcatalog; path = Images.xcassets; sourceTree = "<group>"; };
		E1D5E89317B7AE4000B6604B /* main.m */ = {isa = PBXFileReference; fileEncoding = 4; lastKnownFileType = sourcecode.c.objc; path = main.m; sourceTree = "<group>"; };
		E1D5E89417B7AE4000B6604B /* ViewController.h */ = {isa = PBXFileReference; fileEncoding = 4; lastKnownFileType = sourcecode.c.h; path = ViewController.h; sourceTree = "<group>"; };
		E1D5E89517B7AE4000B6604B /* ViewController.m */ = {isa = PBXFileReference; fileEncoding = 4; lastKnownFileType = sourcecode.c.objc; path = ViewController.m; sourceTree = "<group>"; };
		E1D5E8A817B7AEFB00B6604B /* DRImagePlaceholderHelper.h */ = {isa = PBXFileReference; fileEncoding = 4; lastKnownFileType = sourcecode.c.h; path = DRImagePlaceholderHelper.h; sourceTree = "<group>"; };
		E1D5E8A917B7AEFB00B6604B /* DRImagePlaceholderHelper.m */ = {isa = PBXFileReference; fileEncoding = 4; lastKnownFileType = sourcecode.c.objc; path = DRImagePlaceholderHelper.m; sourceTree = "<group>"; };
		E1D5E8AA17B7AEFB00B6604B /* UIImageView+Placeholder.h */ = {isa = PBXFileReference; fileEncoding = 4; lastKnownFileType = sourcecode.c.h; path = "UIImageView+Placeholder.h"; sourceTree = "<group>"; };
		E1D5E8AB17B7AEFB00B6604B /* UIImageView+Placeholder.m */ = {isa = PBXFileReference; fileEncoding = 4; lastKnownFileType = sourcecode.c.objc; path = "UIImageView+Placeholder.m"; sourceTree = "<group>"; };
/* End PBXFileReference section */

/* Begin PBXFrameworksBuildPhase section */
		E1D5E83C17B798C300B6604B /* Frameworks */ = {
			isa = PBXFrameworksBuildPhase;
			buildActionMask = 2147483647;
			files = (
				E1D5E84517B798C400B6604B /* CoreGraphics.framework in Frameworks */,
				E1D5E84717B798C400B6604B /* UIKit.framework in Frameworks */,
				E1D5E84317B798C300B6604B /* Foundation.framework in Frameworks */,
			);
			runOnlyForDeploymentPostprocessing = 0;
		};
		E1D5E85D17B798C400B6604B /* Frameworks */ = {
			isa = PBXFrameworksBuildPhase;
			buildActionMask = 2147483647;
			files = (
				E1D5E86217B798C400B6604B /* XCTest.framework in Frameworks */,
				E1D5E86417B798C400B6604B /* UIKit.framework in Frameworks */,
				E1D5E86317B798C400B6604B /* Foundation.framework in Frameworks */,
			);
			runOnlyForDeploymentPostprocessing = 0;
		};
/* End PBXFrameworksBuildPhase section */

/* Begin PBXGroup section */
		E1D5E83617B798C300B6604B = {
			isa = PBXGroup;
			children = (
				E1D5E88417B7AE4000B6604B /* DRImagePlacerholderHelperExample */,
				E1D5E84117B798C300B6604B /* Frameworks */,
				E1D5E84017B798C300B6604B /* Products */,
			);
			sourceTree = "<group>";
		};
		E1D5E84017B798C300B6604B /* Products */ = {
			isa = PBXGroup;
			children = (
				E1D5E83F17B798C300B6604B /* DRImagePlacerholderHelperExample.app */,
				E1D5E86017B798C400B6604B /* DRImagePlacerholderHelperExampleTests.xctest */,
			);
			name = Products;
			sourceTree = "<group>";
		};
		E1D5E84117B798C300B6604B /* Frameworks */ = {
			isa = PBXGroup;
			children = (
				E1D5E84217B798C300B6604B /* Foundation.framework */,
				E1D5E84417B798C400B6604B /* CoreGraphics.framework */,
				E1D5E84617B798C400B6604B /* UIKit.framework */,
				E1D5E86117B798C400B6604B /* XCTest.framework */,
			);
			name = Frameworks;
			sourceTree = "<group>";
		};
		E1D5E88417B7AE4000B6604B /* DRImagePlacerholderHelperExample */ = {
			isa = PBXGroup;
			children = (
				E1D5E8A717B7AE4A00B6604B /* DRImagePlacerholderHelper */,
				E1D5E88517B7AE4000B6604B /* AppDelegate.h */,
				E1D5E88617B7AE4000B6604B /* AppDelegate.m */,
				E1D5E88717B7AE4000B6604B /* Main.storyboard */,
				E1D5E88E17B7AE4000B6604B /* DRImagePlacerholderHelperExample-Info.plist */,
				E1D5E88F17B7AE4000B6604B /* DRImagePlacerholderHelperExample-Prefix.pch */,
				E1D5E89017B7AE4000B6604B /* InfoPlist.strings */,
				E1D5E89217B7AE4000B6604B /* Images.xcassets */,
				E1D5E89317B7AE4000B6604B /* main.m */,
				E1D5E89417B7AE4000B6604B /* ViewController.h */,
				E1D5E89517B7AE4000B6604B /* ViewController.m */,
			);
			path = DRImagePlacerholderHelperExample;
			sourceTree = "<group>";
		};
		E1D5E8A717B7AE4A00B6604B /* DRImagePlacerholderHelper */ = {
			isa = PBXGroup;
			children = (
				E1D5E8A817B7AEFB00B6604B /* DRImagePlaceholderHelper.h */,
				E1D5E8A917B7AEFB00B6604B /* DRImagePlaceholderHelper.m */,
				E1D5E8AA17B7AEFB00B6604B /* UIImageView+Placeholder.h */,
				E1D5E8AB17B7AEFB00B6604B /* UIImageView+Placeholder.m */,
			);
			path = DRImagePlacerholderHelper;
			sourceTree = SOURCE_ROOT;
		};
/* End PBXGroup section */

/* Begin PBXNativeTarget section */
		E1D5E83E17B798C300B6604B /* DRImagePlacerholderHelperExample */ = {
			isa = PBXNativeTarget;
			buildConfigurationList = E1D5E87117B798C400B6604B /* Build configuration list for PBXNativeTarget "DRImagePlacerholderHelperExample" */;
			buildPhases = (
				E1D5E83B17B798C300B6604B /* Sources */,
				E1D5E83C17B798C300B6604B /* Frameworks */,
				E1D5E83D17B798C300B6604B /* Resources */,
			);
			buildRules = (
			);
			dependencies = (
			);
			name = DRImagePlacerholderHelperExample;
			productName = DRImagePlacerholerHelperExample;
			productReference = E1D5E83F17B798C300B6604B /* DRImagePlacerholderHelperExample.app */;
			productType = "com.apple.product-type.application";
		};
		E1D5E85F17B798C400B6604B /* DRImagePlacerholderHelperExampleTests */ = {
			isa = PBXNativeTarget;
			buildConfigurationList = E1D5E87417B798C400B6604B /* Build configuration list for PBXNativeTarget "DRImagePlacerholderHelperExampleTests" */;
			buildPhases = (
				E1D5E85C17B798C400B6604B /* Sources */,
				E1D5E85D17B798C400B6604B /* Frameworks */,
				E1D5E85E17B798C400B6604B /* Resources */,
			);
			buildRules = (
			);
			dependencies = (
				E1D5E86617B798C400B6604B /* PBXTargetDependency */,
			);
			name = DRImagePlacerholderHelperExampleTests;
			productName = DRImagePlacerholerHelperExampleTests;
			productReference = E1D5E86017B798C400B6604B /* DRImagePlacerholderHelperExampleTests.xctest */;
			productType = "com.apple.product-type.bundle.unit-test";
		};
/* End PBXNativeTarget section */

/* Begin PBXProject section */
		E1D5E83717B798C300B6604B /* Project object */ = {
			isa = PBXProject;
			attributes = {
				LastUpgradeCheck = 0500;
				ORGANIZATIONNAME = "Albert Schulz";
				TargetAttributes = {
					E1D5E85F17B798C400B6604B = {
						TestTargetID = E1D5E83E17B798C300B6604B;
					};
				};
			};
			buildConfigurationList = E1D5E83A17B798C300B6604B /* Build configuration list for PBXProject "DRImagePlacerholderHelperExample" */;
			compatibilityVersion = "Xcode 3.2";
			developmentRegion = English;
			hasScannedForEncodings = 0;
			knownRegions = (
				en,
				Base,
			);
			mainGroup = E1D5E83617B798C300B6604B;
			productRefGroup = E1D5E84017B798C300B6604B /* Products */;
			projectDirPath = "";
			projectRoot = "";
			targets = (
				E1D5E83E17B798C300B6604B /* DRImagePlacerholderHelperExample */,
				E1D5E85F17B798C400B6604B /* DRImagePlacerholderHelperExampleTests */,
			);
		};
/* End PBXProject section */

/* Begin PBXResourcesBuildPhase section */
		E1D5E83D17B798C300B6604B /* Resources */ = {
			isa = PBXResourcesBuildPhase;
			buildActionMask = 2147483647;
			files = (
				E1D5E89F17B7AE4000B6604B /* DRImagePlacerholderHelperExample-Info.plist in Resources */,
				E1D5E8A117B7AE4000B6604B /* Images.xcassets in Resources */,
				E1D5E8A017B7AE4000B6604B /* InfoPlist.strings in Resources */,
				E1D5E89C17B7AE4000B6604B /* Main.storyboard in Resources */,
			);
			runOnlyForDeploymentPostprocessing = 0;
		};
		E1D5E85E17B798C400B6604B /* Resources */ = {
			isa = PBXResourcesBuildPhase;
			buildActionMask = 2147483647;
			files = (
			);
			runOnlyForDeploymentPostprocessing = 0;
		};
/* End PBXResourcesBuildPhase section */

/* Begin PBXSourcesBuildPhase section */
		E1D5E83B17B798C300B6604B /* Sources */ = {
			isa = PBXSourcesBuildPhase;
			buildActionMask = 2147483647;
			files = (
				E1D5E89B17B7AE4000B6604B /* AppDelegate.m in Sources */,
				E1D5E8AD17B7AEFB00B6604B /* UIImageView+Placeholder.m in Sources */,
				E1D5E8AC17B7AEFB00B6604B /* DRImagePlaceholderHelper.m in Sources */,
				E1D5E8A217B7AE4000B6604B /* main.m in Sources */,
				E1D5E8A317B7AE4000B6604B /* ViewController.m in Sources */,
			);
			runOnlyForDeploymentPostprocessing = 0;
		};
		E1D5E85C17B798C400B6604B /* Sources */ = {
			isa = PBXSourcesBuildPhase;
			buildActionMask = 2147483647;
			files = (
			);
			runOnlyForDeploymentPostprocessing = 0;
		};
/* End PBXSourcesBuildPhase section */

/* Begin PBXTargetDependency section */
		E1D5E86617B798C400B6604B /* PBXTargetDependency */ = {
			isa = PBXTargetDependency;
			target = E1D5E83E17B798C300B6604B /* DRImagePlacerholderHelperExample */;
			targetProxy = E1D5E86517B798C400B6604B /* PBXContainerItemProxy */;
		};
/* End PBXTargetDependency section */

/* Begin PBXVariantGroup section */
		E1D5E88717B7AE4000B6604B /* Main.storyboard */ = {
			isa = PBXVariantGroup;
			children = (
				E1D5E88817B7AE4000B6604B /* Base */,
			);
			name = Main.storyboard;
			sourceTree = "<group>";
		};
		E1D5E89017B7AE4000B6604B /* InfoPlist.strings */ = {
			isa = PBXVariantGroup;
			children = (
				E1D5E89117B7AE4000B6604B /* en */,
			);
			name = InfoPlist.strings;
			sourceTree = "<group>";
		};
/* End PBXVariantGroup section */

/* Begin XCBuildConfiguration section */
		E1D5E86F17B798C400B6604B /* Debug */ = {
			isa = XCBuildConfiguration;
			buildSettings = {
				ALWAYS_SEARCH_USER_PATHS = NO;
				CLANG_CXX_LANGUAGE_STANDARD = "gnu++0x";
				CLANG_CXX_LIBRARY = "libc++";
				CLANG_ENABLE_MODULES = YES;
				CLANG_ENABLE_OBJC_ARC = YES;
				CLANG_WARN_BOOL_CONVERSION = YES;
				CLANG_WARN_CONSTANT_CONVERSION = YES;
				CLANG_WARN_DIRECT_OBJC_ISA_USAGE = YES_ERROR;
				CLANG_WARN_EMPTY_BODY = YES;
				CLANG_WARN_ENUM_CONVERSION = YES;
				CLANG_WARN_INT_CONVERSION = YES;
				CLANG_WARN_OBJC_ROOT_CLASS = YES_ERROR;
				CLANG_WARN__DUPLICATE_METHOD_MATCH = YES;
				"CODE_SIGN_IDENTITY[sdk=iphoneos*]" = "iPhone Developer";
				COPY_PHASE_STRIP = NO;
				GCC_C_LANGUAGE_STANDARD = gnu99;
				GCC_DYNAMIC_NO_PIC = NO;
				GCC_OPTIMIZATION_LEVEL = 0;
				GCC_PREPROCESSOR_DEFINITIONS = (
					"DEBUG=1",
					"$(inherited)",
				);
				GCC_SYMBOLS_PRIVATE_EXTERN = NO;
				GCC_WARN_ABOUT_RETURN_TYPE = YES_ERROR;
				GCC_WARN_UNDECLARED_SELECTOR = YES;
				GCC_WARN_UNINITIALIZED_AUTOS = YES;
				GCC_WARN_UNUSED_FUNCTION = YES;
				GCC_WARN_UNUSED_VARIABLE = YES;
				IPHONEOS_DEPLOYMENT_TARGET = 7.0;
				ONLY_ACTIVE_ARCH = YES;
				SDKROOT = iphoneos;
			};
			name = Debug;
		};
		E1D5E87017B798C400B6604B /* Release */ = {
			isa = XCBuildConfiguration;
			buildSettings = {
				ALWAYS_SEARCH_USER_PATHS = NO;
				CLANG_CXX_LANGUAGE_STANDARD = "gnu++0x";
				CLANG_CXX_LIBRARY = "libc++";
				CLANG_ENABLE_MODULES = YES;
				CLANG_ENABLE_OBJC_ARC = YES;
				CLANG_WARN_BOOL_CONVERSION = YES;
				CLANG_WARN_CONSTANT_CONVERSION = YES;
				CLANG_WARN_DIRECT_OBJC_ISA_USAGE = YES_ERROR;
				CLANG_WARN_EMPTY_BODY = YES;
				CLANG_WARN_ENUM_CONVERSION = YES;
				CLANG_WARN_INT_CONVERSION = YES;
				CLANG_WARN_OBJC_ROOT_CLASS = YES_ERROR;
				CLANG_WARN__DUPLICATE_METHOD_MATCH = YES;
				"CODE_SIGN_IDENTITY[sdk=iphoneos*]" = "iPhone Developer";
				COPY_PHASE_STRIP = YES;
				ENABLE_NS_ASSERTIONS = NO;
				GCC_C_LANGUAGE_STANDARD = gnu99;
				GCC_WARN_ABOUT_RETURN_TYPE = YES_ERROR;
				GCC_WARN_UNDECLARED_SELECTOR = YES;
				GCC_WARN_UNINITIALIZED_AUTOS = YES;
				GCC_WARN_UNUSED_FUNCTION = YES;
				GCC_WARN_UNUSED_VARIABLE = YES;
				IPHONEOS_DEPLOYMENT_TARGET = 7.0;
				SDKROOT = iphoneos;
				VALIDATE_PRODUCT = YES;
			};
			name = Release;
		};
		E1D5E87217B798C400B6604B /* Debug */ = {
			isa = XCBuildConfiguration;
			buildSettings = {
				ASSETCATALOG_COMPILER_APPICON_NAME = AppIcon;
				ASSETCATALOG_COMPILER_LAUNCHIMAGE_NAME = LaunchImage;
				GCC_PRECOMPILE_PREFIX_HEADER = YES;
				GCC_PREFIX_HEADER = "DRImagePlacerholderHelperExample/DRImagePlacerholderHelperExample-Prefix.pch";
				INFOPLIST_FILE = "$(SRCROOT)/DRImagePlacerholderHelperExample/DRImagePlacerholderHelperExample-Info.plist";
				PRODUCT_NAME = DRImagePlacerholderHelperExample;
				WRAPPER_EXTENSION = app;
			};
			name = Debug;
		};
		E1D5E87317B798C400B6604B /* Release */ = {
			isa = XCBuildConfiguration;
			buildSettings = {
				ASSETCATALOG_COMPILER_APPICON_NAME = AppIcon;
				ASSETCATALOG_COMPILER_LAUNCHIMAGE_NAME = LaunchImage;
				GCC_PRECOMPILE_PREFIX_HEADER = YES;
				GCC_PREFIX_HEADER = "DRImagePlacerholderHelperExample/DRImagePlacerholderHelperExample-Prefix.pch";
				INFOPLIST_FILE = "$(SRCROOT)/DRImagePlacerholderHelperExample/DRImagePlacerholderHelperExample-Info.plist";
				PRODUCT_NAME = DRImagePlacerholderHelperExample;
				WRAPPER_EXTENSION = app;
			};
			name = Release;
		};
		E1D5E87517B798C400B6604B /* Debug */ = {
			isa = XCBuildConfiguration;
			buildSettings = {
				BUNDLE_LOADER = "$(BUILT_PRODUCTS_DIR)/DRImagePlacerholerHelperExample.app/DRImagePlacerholerHelperExample";
				FRAMEWORK_SEARCH_PATHS = (
					"$(SDKROOT)/Developer/Library/Frameworks",
					"$(inherited)",
					"$(DEVELOPER_FRAMEWORKS_DIR)",
				);
				GCC_PRECOMPILE_PREFIX_HEADER = YES;
				GCC_PREFIX_HEADER = "DRImagePlacerholerHelperExample/DRImagePlacerholerHelperExample-Prefix.pch";
				GCC_PREPROCESSOR_DEFINITIONS = (
					"DEBUG=1",
					"$(inherited)",
				);
				INFOPLIST_FILE = "DRImagePlacerholerHelperExampleTests/DRImagePlacerholderHelperExampleTests-Info.plist";
				PRODUCT_NAME = DRImagePlacerholderHelperExampleTests;
				TEST_HOST = "$(BUNDLE_LOADER)";
				WRAPPER_EXTENSION = xctest;
			};
			name = Debug;
		};
		E1D5E87617B798C400B6604B /* Release */ = {
			isa = XCBuildConfiguration;
			buildSettings = {
				BUNDLE_LOADER = "$(BUILT_PRODUCTS_DIR)/DRImagePlacerholerHelperExample.app/DRImagePlacerholerHelperExample";
				FRAMEWORK_SEARCH_PATHS = (
					"$(SDKROOT)/Developer/Library/Frameworks",
					"$(inherited)",
					"$(DEVELOPER_FRAMEWORKS_DIR)",
				);
				GCC_PRECOMPILE_PREFIX_HEADER = YES;
				GCC_PREFIX_HEADER = "DRImagePlacerholerHelperExample/DRImagePlacerholerHelperExample-Prefix.pch";
				INFOPLIST_FILE = "DRImagePlacerholerHelperExampleTests/DRImagePlacerholderHelperExampleTests-Info.plist";
				PRODUCT_NAME = DRImagePlacerholderHelperExampleTests;
				TEST_HOST = "$(BUNDLE_LOADER)";
				WRAPPER_EXTENSION = xctest;
			};
			name = Release;
		};
/* End XCBuildConfiguration section */

/* Begin XCConfigurationList section */
		E1D5E83A17B798C300B6604B /* Build configuration list for PBXProject "DRImagePlacerholderHelperExample" */ = {
			isa = XCConfigurationList;
			buildConfigurations = (
				E1D5E86F17B798C400B6604B /* Debug */,
				E1D5E87017B798C400B6604B /* Release */,
			);
			defaultConfigurationIsVisible = 0;
			defaultConfigurationName = Release;
		};
		E1D5E87117B798C400B6604B /* Build configuration list for PBXNativeTarget "DRImagePlacerholderHelperExample" */ = {
			isa = XCConfigurationList;
			buildConfigurations = (
				E1D5E87217B798C400B6604B /* Debug */,
				E1D5E87317B798C400B6604B /* Release */,
			);
			defaultConfigurationIsVisible = 0;
			defaultConfigurationName = Release;
		};
		E1D5E87417B798C400B6604B /* Build configuration list for PBXNativeTarget "DRImagePlacerholderHelperExampleTests" */ = {
			isa = XCConfigurationList;
			buildConfigurations = (
				E1D5E87517B798C400B6604B /* Debug */,
				E1D5E87617B798C400B6604B /* Release */,
			);
			defaultConfigurationIsVisible = 0;
			defaultConfigurationName = Release;
		};
/* End XCConfigurationList section */
	};
	rootObject = E1D5E83717B798C300B6604B /* Project object */;
}
